
Microsoft Visual Studio Solution File, Format Version 12.00
# Visual Studio Version 16
VisualStudioVersion = 16.0.30204.135
MinimumVisualStudioVersion = 10.0.40219.1
Project("{FAE04EC0-301F-11D3-BF4B-00C04F79EFBC}") = "SentenciaIf", "SentenciaIf.csproj", "{C4C4A630-6436-430D-ABC0-86B712677CBB}"
EndProject
Global
	GlobalSection(SolutionConfigurationPlatforms) = preSolution
		Debug|Any CPU = Debug|Any CPU
		Release|Any CPU = Release|Any CPU
	EndGlobalSection
	GlobalSection(ProjectConfigurationPlatforms) = postSolution
		{C4C4A630-6436-430D-ABC0-86B712677CBB}.Debug|Any CPU.ActiveCfg = Debug|Any CPU
		{C4C4A630-6436-430D-ABC0-86B712677CBB}.Debug|Any CPU.Build.0 = Debug|Any CPU
		{C4C4A630-6436-430D-ABC0-86B712677CBB}.Release|Any CPU.ActiveCfg = Release|Any CPU
		{C4C4A630-6436-430D-ABC0-86B712677CBB}.Release|Any CPU.Build.0 = Release|Any CPU
	EndGlobalSection
	GlobalSection(SolutionProperties) = preSolution
		HideSolutionNode = FALSE
	EndGlobalSection
	GlobalSection(ExtensibilityGlobals) = postSolution
		SolutionGuid = {65432336-898B-4961-8D3D-04470618579B}
	EndGlobalSection
EndGlobal
