
Microsoft Visual Studio Solution File, Format Version 12.00
# Visual Studio Version 16
VisualStudioVersion = 16.0.30204.135
MinimumVisualStudioVersion = 10.0.40219.1
Project("{FAE04EC0-301F-11D3-BF4B-00C04F79EFBC}") = "Operadores", "Operadores.csproj", "{F4ECBB03-A99F-43FC-A016-A5CC624E7F7B}"
EndProject
Global
	GlobalSection(SolutionConfigurationPlatforms) = preSolution
		Debug|Any CPU = Debug|Any CPU
		Release|Any CPU = Release|Any CPU
	EndGlobalSection
	GlobalSection(ProjectConfigurationPlatforms) = postSolution
		{F4ECBB03-A99F-43FC-A016-A5CC624E7F7B}.Debug|Any CPU.ActiveCfg = Debug|Any CPU
		{F4ECBB03-A99F-43FC-A016-A5CC624E7F7B}.Debug|Any CPU.Build.0 = Debug|Any CPU
		{F4ECBB03-A99F-43FC-A016-A5CC624E7F7B}.Release|Any CPU.ActiveCfg = Release|Any CPU
		{F4ECBB03-A99F-43FC-A016-A5CC624E7F7B}.Release|Any CPU.Build.0 = Release|Any CPU
	EndGlobalSection
	GlobalSection(SolutionProperties) = preSolution
		HideSolutionNode = FALSE
	EndGlobalSection
	GlobalSection(ExtensibilityGlobals) = postSolution
		SolutionGuid = {31BAE045-2031-42F2-9680-4D04EC29F28F}
	EndGlobalSection
EndGlobal
