
Microsoft Visual Studio Solution File, Format Version 12.00
# Visual Studio Version 16
VisualStudioVersion = 16.0.30204.135
MinimumVisualStudioVersion = 10.0.40219.1
Project("{FAE04EC0-301F-11D3-BF4B-00C04F79EFBC}") = "Switch", "Switch.csproj", "{7FB202AB-BCD9-45E2-8A76-5742DA697217}"
EndProject
Global
	GlobalSection(SolutionConfigurationPlatforms) = preSolution
		Debug|Any CPU = Debug|Any CPU
		Release|Any CPU = Release|Any CPU
	EndGlobalSection
	GlobalSection(ProjectConfigurationPlatforms) = postSolution
		{7FB202AB-BCD9-45E2-8A76-5742DA697217}.Debug|Any CPU.ActiveCfg = Debug|Any CPU
		{7FB202AB-BCD9-45E2-8A76-5742DA697217}.Debug|Any CPU.Build.0 = Debug|Any CPU
		{7FB202AB-BCD9-45E2-8A76-5742DA697217}.Release|Any CPU.ActiveCfg = Release|Any CPU
		{7FB202AB-BCD9-45E2-8A76-5742DA697217}.Release|Any CPU.Build.0 = Release|Any CPU
	EndGlobalSection
	GlobalSection(SolutionProperties) = preSolution
		HideSolutionNode = FALSE
	EndGlobalSection
	GlobalSection(ExtensibilityGlobals) = postSolution
		SolutionGuid = {8E962A03-11A5-464B-8BEE-EB7DECB86FE1}
	EndGlobalSection
EndGlobal
