
Microsoft Visual Studio Solution File, Format Version 12.00
# Visual Studio Version 16
VisualStudioVersion = 16.0.30204.135
MinimumVisualStudioVersion = 10.0.40219.1
Project("{FAE04EC0-301F-11D3-BF4B-00C04F79EFBC}") = "Arrays", "Arrays.csproj", "{47F86B5F-FCC9-4E9A-8C9A-72C213397B67}"
EndProject
Global
	GlobalSection(SolutionConfigurationPlatforms) = preSolution
		Debug|Any CPU = Debug|Any CPU
		Release|Any CPU = Release|Any CPU
	EndGlobalSection
	GlobalSection(ProjectConfigurationPlatforms) = postSolution
		{47F86B5F-FCC9-4E9A-8C9A-72C213397B67}.Debug|Any CPU.ActiveCfg = Debug|Any CPU
		{47F86B5F-FCC9-4E9A-8C9A-72C213397B67}.Debug|Any CPU.Build.0 = Debug|Any CPU
		{47F86B5F-FCC9-4E9A-8C9A-72C213397B67}.Release|Any CPU.ActiveCfg = Release|Any CPU
		{47F86B5F-FCC9-4E9A-8C9A-72C213397B67}.Release|Any CPU.Build.0 = Release|Any CPU
	EndGlobalSection
	GlobalSection(SolutionProperties) = preSolution
		HideSolutionNode = FALSE
	EndGlobalSection
	GlobalSection(ExtensibilityGlobals) = postSolution
		SolutionGuid = {EA9141C0-3CB7-4F26-9B0A-C1F7E74417C3}
	EndGlobalSection
EndGlobal
